{
  "name": "7-node-core-module",
  "version": "1.0.0",
  "lockfileVersion": 3,
  "requires": true,
  "packages": {
    "": {
      "name": "7-node-core-module",
      "version": "1.0.0",
      "license": "ISC",
      "dependencies": {
        "yoka": "^1.0.22"
      }
    },
    "node_modules/yoka": {
      "version": "1.0.22",
      "resolved": "https://registry.npmjs.org/yoka/-/yoka-1.0.22.tgz",
      "integrity": "sha512-X6lwrrkp7I9R94N6VrrNHVdCuSaOMKKZ8p4f3GdOp8NbvxcSlrxbyrhT2OEJHrUOFb8SIrsKRSjVLsgXsGrhNQ==",
      "license": "MIT"
    }
  }
}
